
Microsoft Visual Studio Solution File, Format Version 12.00
# Visual Studio Version 16
VisualStudioVersion = 16.0.30907.101
MinimumVisualStudioVersion = 10.0.40219.1
Project("{9A19103F-16F7-4668-BE54-9A1E7A4F7556}") = "AudiometryClassificationML.ConsoleApp", "AudiometryClassificationML.ConsoleApp\AudiometryClassificationML.ConsoleApp.csproj", "{917F4722-51D0-4BE0-A2E6-3A0642C6A5C3}"
EndProject
Project("{9A19103F-16F7-4668-BE54-9A1E7A4F7556}") = "AudiometryClassificationML.Model", "AudiometryClassificationML.Model\AudiometryClassificationML.Model.csproj", "{23EA1FE5-380D-4D6F-9586-101F152B42C2}"
EndProject
Global
	GlobalSection(SolutionConfigurationPlatforms) = preSolution
		Debug|Any CPU = Debug|Any CPU
		Release|Any CPU = Release|Any CPU
	EndGlobalSection
	GlobalSection(ProjectConfigurationPlatforms) = postSolution
		{917F4722-51D0-4BE0-A2E6-3A0642C6A5C3}.Debug|Any CPU.ActiveCfg = Debug|Any CPU
		{917F4722-51D0-4BE0-A2E6-3A0642C6A5C3}.Debug|Any CPU.Build.0 = Debug|Any CPU
		{917F4722-51D0-4BE0-A2E6-3A0642C6A5C3}.Release|Any CPU.ActiveCfg = Release|Any CPU
		{917F4722-51D0-4BE0-A2E6-3A0642C6A5C3}.Release|Any CPU.Build.0 = Release|Any CPU
		{23EA1FE5-380D-4D6F-9586-101F152B42C2}.Debug|Any CPU.ActiveCfg = Debug|Any CPU
		{23EA1FE5-380D-4D6F-9586-101F152B42C2}.Debug|Any CPU.Build.0 = Debug|Any CPU
		{23EA1FE5-380D-4D6F-9586-101F152B42C2}.Release|Any CPU.ActiveCfg = Release|Any CPU
		{23EA1FE5-380D-4D6F-9586-101F152B42C2}.Release|Any CPU.Build.0 = Release|Any CPU
	EndGlobalSection
	GlobalSection(SolutionProperties) = preSolution
		HideSolutionNode = FALSE
	EndGlobalSection
	GlobalSection(ExtensibilityGlobals) = postSolution
		SolutionGuid = {B003F650-3939-4BB7-9273-A8E1A2E7E5DE}
	EndGlobalSection
EndGlobal
